
Microsoft Visual Studio Solution File, Format Version 11.00
# Visual C++ Express 2010
Project("{8BC9CEB8-8B4A-11D0-8D11-00A0C91BC942}") = "timer_dll", "timer_dll\timer_dll.vcxproj", "{FEFC051D-2276-480C-A18F-C657F9C22B6E}"
	ProjectSection(ProjectDependencies) = postProject
		{994AF121-7D16-41AC-B864-B32D8ED5DD01} = {994AF121-7D16-41AC-B864-B32D8ED5DD01}
		{BC364B41-28C9-48D0-8728-A46740122552} = {BC364B41-28C9-48D0-8728-A46740122552}
	EndProjectSection
EndProject
Project("{8BC9CEB8-8B4A-11D0-8D11-00A0C91BC942}") = "chrono_dll", "chrono_dll\chrono_dll.vcxproj", "{994AF121-7D16-41AC-B864-B32D8ED5DD01}"
	ProjectSection(ProjectDependencies) = postProject
		{BC364B41-28C9-48D0-8728-A46740122552} = {BC364B41-28C9-48D0-8728-A46740122552}
	EndProjectSection
EndProject
Project("{8BC9CEB8-8B4A-11D0-8D11-00A0C91BC942}") = "system_dll", "system_dll\system_dll.vcxproj", "{BC364B41-28C9-48D0-8728-A46740122552}"
EndProject
Project("{8BC9CEB8-8B4A-11D0-8D11-00A0C91BC942}") = "timer_test", "timer_test\timer_test.vcxproj", "{C8F0341F-D47D-4A33-881A-14C044D05302}"
	ProjectSection(ProjectDependencies) = postProject
		{FEFC051D-2276-480C-A18F-C657F9C22B6E} = {FEFC051D-2276-480C-A18F-C657F9C22B6E}
	EndProjectSection
EndProject
Project("{8BC9CEB8-8B4A-11D0-8D11-00A0C91BC942}") = "timex", "timex\timex.vcxproj", "{4920ECC9-ED72-4963-873C-926925D38411}"
	ProjectSection(ProjectDependencies) = postProject
		{FEFC051D-2276-480C-A18F-C657F9C22B6E} = {FEFC051D-2276-480C-A18F-C657F9C22B6E}
		{994AF121-7D16-41AC-B864-B32D8ED5DD01} = {994AF121-7D16-41AC-B864-B32D8ED5DD01}
		{BC364B41-28C9-48D0-8728-A46740122552} = {BC364B41-28C9-48D0-8728-A46740122552}
	EndProjectSection
EndProject
Project("{8BC9CEB8-8B4A-11D0-8D11-00A0C91BC942}") = "cpu_timer_info", "cpu_timer_info\cpu_timer_info.vcxproj", "{8648F680-856D-40C6-9E67-D53FD85A16BB}"
	ProjectSection(ProjectDependencies) = postProject
		{FEFC051D-2276-480C-A18F-C657F9C22B6E} = {FEFC051D-2276-480C-A18F-C657F9C22B6E}
		{994AF121-7D16-41AC-B864-B32D8ED5DD01} = {994AF121-7D16-41AC-B864-B32D8ED5DD01}
		{BC364B41-28C9-48D0-8728-A46740122552} = {BC364B41-28C9-48D0-8728-A46740122552}
	EndProjectSection
EndProject
Project("{8BC9CEB8-8B4A-11D0-8D11-00A0C91BC942}") = "auto_cpu_timer_example", "auto_cpu_timer_example\auto_cpu_timer_example.vcxproj", "{7B28A88C-F339-4756-9411-018C302B3922}"
	ProjectSection(ProjectDependencies) = postProject
		{FEFC051D-2276-480C-A18F-C657F9C22B6E} = {FEFC051D-2276-480C-A18F-C657F9C22B6E}
		{994AF121-7D16-41AC-B864-B32D8ED5DD01} = {994AF121-7D16-41AC-B864-B32D8ED5DD01}
		{BC364B41-28C9-48D0-8728-A46740122552} = {BC364B41-28C9-48D0-8728-A46740122552}
	EndProjectSection
EndProject
Project("{8BC9CEB8-8B4A-11D0-8D11-00A0C91BC942}") = "cpu_timer_info_static", "cpu_timer_info_static\cpu_timer_info_static.vcxproj", "{C6DE9715-7BC5-47EC-9437-9F4059231C0D}"
EndProject
Global
	GlobalSection(SolutionConfigurationPlatforms) = preSolution
		Debug|Win32 = Debug|Win32
		Release|Win32 = Release|Win32
	EndGlobalSection
	GlobalSection(ProjectConfigurationPlatforms) = postSolution
		{FEFC051D-2276-480C-A18F-C657F9C22B6E}.Debug|Win32.ActiveCfg = Debug|Win32
		{FEFC051D-2276-480C-A18F-C657F9C22B6E}.Debug|Win32.Build.0 = Debug|Win32
		{FEFC051D-2276-480C-A18F-C657F9C22B6E}.Release|Win32.ActiveCfg = Release|Win32
		{FEFC051D-2276-480C-A18F-C657F9C22B6E}.Release|Win32.Build.0 = Release|Win32
		{994AF121-7D16-41AC-B864-B32D8ED5DD01}.Debug|Win32.ActiveCfg = Debug|Win32
		{994AF121-7D16-41AC-B864-B32D8ED5DD01}.Debug|Win32.Build.0 = Debug|Win32
		{994AF121-7D16-41AC-B864-B32D8ED5DD01}.Release|Win32.ActiveCfg = Release|Win32
		{994AF121-7D16-41AC-B864-B32D8ED5DD01}.Release|Win32.Build.0 = Release|Win32
		{BC364B41-28C9-48D0-8728-A46740122552}.Debug|Win32.ActiveCfg = Debug|Win32
		{BC364B41-28C9-48D0-8728-A46740122552}.Debug|Win32.Build.0 = Debug|Win32
		{BC364B41-28C9-48D0-8728-A46740122552}.Release|Win32.ActiveCfg = Release|Win32
		{BC364B41-28C9-48D0-8728-A46740122552}.Release|Win32.Build.0 = Release|Win32
		{C8F0341F-D47D-4A33-881A-14C044D05302}.Debug|Win32.ActiveCfg = Debug|Win32
		{C8F0341F-D47D-4A33-881A-14C044D05302}.Debug|Win32.Build.0 = Debug|Win32
		{C8F0341F-D47D-4A33-881A-14C044D05302}.Release|Win32.ActiveCfg = Release|Win32
		{C8F0341F-D47D-4A33-881A-14C044D05302}.Release|Win32.Build.0 = Release|Win32
		{4920ECC9-ED72-4963-873C-926925D38411}.Debug|Win32.ActiveCfg = Debug|Win32
		{4920ECC9-ED72-4963-873C-926925D38411}.Debug|Win32.Build.0 = Debug|Win32
		{4920ECC9-ED72-4963-873C-926925D38411}.Release|Win32.ActiveCfg = Release|Win32
		{4920ECC9-ED72-4963-873C-926925D38411}.Release|Win32.Build.0 = Release|Win32
		{8648F680-856D-40C6-9E67-D53FD85A16BB}.Debug|Win32.ActiveCfg = Debug|Win32
		{8648F680-856D-40C6-9E67-D53FD85A16BB}.Debug|Win32.Build.0 = Debug|Win32
		{8648F680-856D-40C6-9E67-D53FD85A16BB}.Release|Win32.ActiveCfg = Release|Win32
		{8648F680-856D-40C6-9E67-D53FD85A16BB}.Release|Win32.Build.0 = Release|Win32
		{7B28A88C-F339-4756-9411-018C302B3922}.Debug|Win32.ActiveCfg = Debug|Win32
		{7B28A88C-F339-4756-9411-018C302B3922}.Debug|Win32.Build.0 = Debug|Win32
		{7B28A88C-F339-4756-9411-018C302B3922}.Release|Win32.ActiveCfg = Release|Win32
		{7B28A88C-F339-4756-9411-018C302B3922}.Release|Win32.Build.0 = Release|Win32
		{C6DE9715-7BC5-47EC-9437-9F4059231C0D}.Debug|Win32.ActiveCfg = Debug|Win32
		{C6DE9715-7BC5-47EC-9437-9F4059231C0D}.Release|Win32.ActiveCfg = Release|Win32
		{C6DE9715-7BC5-47EC-9437-9F4059231C0D}.Release|Win32.Build.0 = Release|Win32
	EndGlobalSection
	GlobalSection(SolutionProperties) = preSolution
		HideSolutionNode = FALSE
	EndGlobalSection
EndGlobal
